
Microsoft Visual Studio Solution File, Format Version 12.00
# Visual Studio Version 16
VisualStudioVersion = 16.0.33214.272
MinimumVisualStudioVersion = 10.0.40219.1
Project("{FAE04EC0-301F-11D3-BF4B-00C04F79EFBC}") = "AdminConsole", "AdminConsole\AdminConsole.csproj", "{314A7AE9-D25B-465F-9F72-B32A892E79A8}"
EndProject
Global
	GlobalSection(SolutionConfigurationPlatforms) = preSolution
		Debug|Any CPU = Debug|Any CPU
		Release|Any CPU = Release|Any CPU
	EndGlobalSection
	GlobalSection(ProjectConfigurationPlatforms) = postSolution
		{314A7AE9-D25B-465F-9F72-B32A892E79A8}.Debug|Any CPU.ActiveCfg = Debug|Any CPU
		{314A7AE9-D25B-465F-9F72-B32A892E79A8}.Debug|Any CPU.Build.0 = Debug|Any CPU
		{314A7AE9-D25B-465F-9F72-B32A892E79A8}.Release|Any CPU.ActiveCfg = Release|Any CPU
		{314A7AE9-D25B-465F-9F72-B32A892E79A8}.Release|Any CPU.Build.0 = Release|Any CPU
	EndGlobalSection
	GlobalSection(SolutionProperties) = preSolution
		HideSolutionNode = FALSE
	EndGlobalSection
	GlobalSection(ExtensibilityGlobals) = postSolution
		SolutionGuid = {991EFA7D-F767-4CE7-BB43-9B34765F7244}
	EndGlobalSection
EndGlobal
